{
  "name": "ndjs",
  "version": "1.0.0",
  "lockfileVersion": 1,
  "requires": true,
  "dependencies": {
    "@most/core": {
      "version": "1.3.0",
      "resolved": "https://registry.npmjs.org/@most/core/-/core-1.3.0.tgz",
      "integrity": "sha512-1wtitKyZBXuuIcRfmLw/sOPUg+dmBR3oTwfdFNG1b22Y+fTcjtELScD6LAmabtwLCI+wdw/p1A/KZj7nTyZCgA==",
      "requires": {
        "@most/disposable": "^1.2.0",
        "@most/prelude": "^1.7.1",
        "@most/scheduler": "^1.2.0",
        "@most/types": "^1.0.0"
      },
      "dependencies": {
        "@most/scheduler": {
          "version": "1.2.0",
          "resolved": "https://registry.npmjs.org/@most/scheduler/-/scheduler-1.2.0.tgz",
          "integrity": "sha512-5bnSx4Yp+wtCZhkhABcUgIyUzjd2pWOE1JhwKoTciYhh20SxcfqTYTk5bSWW52eeEyduu4OfY4+1qvpXXGX0fA==",
          "requires": {
            "@most/prelude": "^1.7.1",
            "@most/types": "^1.0.0"
          }
        },
        "@most/types": {
          "version": "1.0.0",
          "resolved": "https://registry.npmjs.org/@most/types/-/types-1.0.0.tgz",
          "integrity": "sha512-MsRdX7VaVimztvCRxQyGIIJm2649zWFmx94fcUoe3d0E2Yih/Xxt4V87Up2out4s8EJ/eESeKUzbWEksxCaQaw=="
        }
      }
    },
    "@most/disposable": {
      "version": "1.2.0",
      "resolved": "https://registry.npmjs.org/@most/disposable/-/disposable-1.2.0.tgz",
      "integrity": "sha512-o9FNaO+y0zpNy7VGdK1BhF4glU3Q8eJ6ByMfRmeGkgmzRVzHVYsG2nrxSSqvlYrx5LCwrpjAVVz800/N2CIo/g==",
      "requires": {
        "@most/prelude": "^1.7.1",
        "@most/types": "^1.0.0"
      },
      "dependencies": {
        "@most/types": {
          "version": "1.0.0",
          "resolved": "https://registry.npmjs.org/@most/types/-/types-1.0.0.tgz",
          "integrity": "sha512-MsRdX7VaVimztvCRxQyGIIJm2649zWFmx94fcUoe3d0E2Yih/Xxt4V87Up2out4s8EJ/eESeKUzbWEksxCaQaw=="
        }
      }
    },
    "@most/dom-event": {
      "version": "2.0.0",
      "resolved": "https://registry.npmjs.org/@most/dom-event/-/dom-event-2.0.0.tgz",
      "integrity": "sha512-bs9MMzMunEyo/NSdJE2Q82TOHDaj2Yi5kZYdWlGEAd6WdlMprRWglAuI2vw1xGq7DH3kPYz8VxZr6gjPCByMqw==",
      "requires": {
        "@most/scheduler": "^0.13.0",
        "@most/types": "^0.11.1"
      },
      "dependencies": {
        "@most/scheduler": {
          "version": "0.13.1",
          "resolved": "https://registry.npmjs.org/@most/scheduler/-/scheduler-0.13.1.tgz",
          "integrity": "sha512-t14TLvEfUYPSLJQSLT/V5bQYxvKdLib8KFrz0hniOHZRoqyBgt6zhHKP1zywrEYQd9+sdhS5SZDnX9wAJ+xJxg==",
          "requires": {
            "@most/prelude": "^1.6.4",
            "@most/types": "^0.11.1"
          }
        }
      }
    },
    "@most/prelude": {
      "version": "1.7.1",
      "resolved": "https://registry.npmjs.org/@most/prelude/-/prelude-1.7.1.tgz",
      "integrity": "sha512-2JsW7OArYnndGcXPSjIx9uwmSTCHByb+7WRmOhrOYM9N5GK5KMsX4APKxET73+zc1ZUqEj2yAPwYis72xJXIEQ=="
    },
    "@most/scheduler": {
      "version": "1.2.0",
      "resolved": "https://registry.npmjs.org/@most/scheduler/-/scheduler-1.2.0.tgz",
      "integrity": "sha512-5bnSx4Yp+wtCZhkhABcUgIyUzjd2pWOE1JhwKoTciYhh20SxcfqTYTk5bSWW52eeEyduu4OfY4+1qvpXXGX0fA==",
      "requires": {
        "@most/prelude": "^1.7.1",
        "@most/types": "^1.0.0"
      },
      "dependencies": {
        "@most/types": {
          "version": "1.0.0",
          "resolved": "https://registry.npmjs.org/@most/types/-/types-1.0.0.tgz",
          "integrity": "sha512-MsRdX7VaVimztvCRxQyGIIJm2649zWFmx94fcUoe3d0E2Yih/Xxt4V87Up2out4s8EJ/eESeKUzbWEksxCaQaw=="
        }
      }
    },
    "@most/types": {
      "version": "0.11.1",
      "resolved": "https://registry.npmjs.org/@most/types/-/types-0.11.1.tgz",
      "integrity": "sha512-acP+xy7F4W50GAbpOmfdNgATPwCfMUSLmWEhUb4MHli9k0qAtN828LTVPgK3AsTBh/Fkx0TulbgW+H2t06BsKA=="
    },
    "hyperhtml": {
      "version": "2.10.1",
      "resolved": "https://registry.npmjs.org/hyperhtml/-/hyperhtml-2.10.1.tgz",
      "integrity": "sha512-FEi0hte3RwAC61nTspRk8iJPMU/7m+PLD/9A/fcvA/Q7XLVjG9OagBdF/dflWbgJNidajovQLz6LcEK9FgRCFA==",
      "requires": {
        "lightercollective": "^0.0.3"
      }
    },
    "immutable": {
      "version": "4.0.0-rc.9",
      "resolved": "https://registry.npmjs.org/immutable/-/immutable-4.0.0-rc.9.tgz",
      "integrity": "sha512-uw4u9Jy3G2Y1qkIFtEGy9NgJxFJT1l3HKgeSFHfrvy91T8W54cJoQ+qK3fTwhil8XkEHuc2S+MI+fbD0vKObDA=="
    },
    "lightercollective": {
      "version": "0.0.3",
      "resolved": "https://registry.npmjs.org/lightercollective/-/lightercollective-0.0.3.tgz",
      "integrity": "sha512-AUIsWs96N5tESFu/XpvYJvoaGg0Qf0i5wcjMgop4OVsRNdzII+clf52/FSGeaMiZym6l34JhO6zNFunFUHV3YA=="
    }
  }
}
